
Microsoft Visual Studio Solution File, Format Version 12.00
# Visual Studio Version 17
VisualStudioVersion = 17.0.31903.59
MinimumVisualStudioVersion = 10.0.40219.1
Project("{FAE04EC0-301F-11D3-BF4B-00C04F79EFBC}") = "Domain", "Domain\Domain.csproj", "{850CAA5B-115C-4619-81A2-EE5021357369}"
EndProject
Project("{FAE04EC0-301F-11D3-BF4B-00C04F79EFBC}") = "Application", "Application\Application.csproj", "{D5F4F4F9-5D18-49A4-B67E-F53217ACE154}"
EndProject
Project("{FAE04EC0-301F-11D3-BF4B-00C04F79EFBC}") = "Infrastructure", "Infrastructure\Infrastructure.csproj", "{BDF37456-C4CC-4D99-A2E3-B1BF2CD95166}"
EndProject
Project("{FAE04EC0-301F-11D3-BF4B-00C04F79EFBC}") = "ProductServiceLambda", "ProductServiceLambda\ProductServiceLambda.csproj", "{23CA33AF-5509-4253-A52C-EC74EADF31D6}"
EndProject
Global
	GlobalSection(SolutionConfigurationPlatforms) = preSolution
		Debug|Any CPU = Debug|Any CPU
		Debug|x64 = Debug|x64
		Debug|x86 = Debug|x86
		Release|Any CPU = Release|Any CPU
		Release|x64 = Release|x64
		Release|x86 = Release|x86
	EndGlobalSection
	GlobalSection(ProjectConfigurationPlatforms) = postSolution
		{850CAA5B-115C-4619-81A2-EE5021357369}.Debug|Any CPU.ActiveCfg = Debug|Any CPU
		{850CAA5B-115C-4619-81A2-EE5021357369}.Debug|Any CPU.Build.0 = Debug|Any CPU
		{850CAA5B-115C-4619-81A2-EE5021357369}.Debug|x64.ActiveCfg = Debug|Any CPU
		{850CAA5B-115C-4619-81A2-EE5021357369}.Debug|x64.Build.0 = Debug|Any CPU
		{850CAA5B-115C-4619-81A2-EE5021357369}.Debug|x86.ActiveCfg = Debug|Any CPU
		{850CAA5B-115C-4619-81A2-EE5021357369}.Debug|x86.Build.0 = Debug|Any CPU
		{850CAA5B-115C-4619-81A2-EE5021357369}.Release|Any CPU.ActiveCfg = Release|Any CPU
		{850CAA5B-115C-4619-81A2-EE5021357369}.Release|Any CPU.Build.0 = Release|Any CPU
		{850CAA5B-115C-4619-81A2-EE5021357369}.Release|x64.ActiveCfg = Release|Any CPU
		{850CAA5B-115C-4619-81A2-EE5021357369}.Release|x64.Build.0 = Release|Any CPU
		{850CAA5B-115C-4619-81A2-EE5021357369}.Release|x86.ActiveCfg = Release|Any CPU
		{850CAA5B-115C-4619-81A2-EE5021357369}.Release|x86.Build.0 = Release|Any CPU
		{D5F4F4F9-5D18-49A4-B67E-F53217ACE154}.Debug|Any CPU.ActiveCfg = Debug|Any CPU
		{D5F4F4F9-5D18-49A4-B67E-F53217ACE154}.Debug|Any CPU.Build.0 = Debug|Any CPU
		{D5F4F4F9-5D18-49A4-B67E-F53217ACE154}.Debug|x64.ActiveCfg = Debug|Any CPU
		{D5F4F4F9-5D18-49A4-B67E-F53217ACE154}.Debug|x64.Build.0 = Debug|Any CPU
		{D5F4F4F9-5D18-49A4-B67E-F53217ACE154}.Debug|x86.ActiveCfg = Debug|Any CPU
		{D5F4F4F9-5D18-49A4-B67E-F53217ACE154}.Debug|x86.Build.0 = Debug|Any CPU
		{D5F4F4F9-5D18-49A4-B67E-F53217ACE154}.Release|Any CPU.ActiveCfg = Release|Any CPU
		{D5F4F4F9-5D18-49A4-B67E-F53217ACE154}.Release|Any CPU.Build.0 = Release|Any CPU
		{D5F4F4F9-5D18-49A4-B67E-F53217ACE154}.Release|x64.ActiveCfg = Release|Any CPU
		{D5F4F4F9-5D18-49A4-B67E-F53217ACE154}.Release|x64.Build.0 = Release|Any CPU
		{D5F4F4F9-5D18-49A4-B67E-F53217ACE154}.Release|x86.ActiveCfg = Release|Any CPU
		{D5F4F4F9-5D18-49A4-B67E-F53217ACE154}.Release|x86.Build.0 = Release|Any CPU
		{BDF37456-C4CC-4D99-A2E3-B1BF2CD95166}.Debug|Any CPU.ActiveCfg = Debug|Any CPU
		{BDF37456-C4CC-4D99-A2E3-B1BF2CD95166}.Debug|Any CPU.Build.0 = Debug|Any CPU
		{BDF37456-C4CC-4D99-A2E3-B1BF2CD95166}.Debug|x64.ActiveCfg = Debug|Any CPU
		{BDF37456-C4CC-4D99-A2E3-B1BF2CD95166}.Debug|x64.Build.0 = Debug|Any CPU
		{BDF37456-C4CC-4D99-A2E3-B1BF2CD95166}.Debug|x86.ActiveCfg = Debug|Any CPU
		{BDF37456-C4CC-4D99-A2E3-B1BF2CD95166}.Debug|x86.Build.0 = Debug|Any CPU
		{BDF37456-C4CC-4D99-A2E3-B1BF2CD95166}.Release|Any CPU.ActiveCfg = Release|Any CPU
		{BDF37456-C4CC-4D99-A2E3-B1BF2CD95166}.Release|Any CPU.Build.0 = Release|Any CPU
		{BDF37456-C4CC-4D99-A2E3-B1BF2CD95166}.Release|x64.ActiveCfg = Release|Any CPU
		{BDF37456-C4CC-4D99-A2E3-B1BF2CD95166}.Release|x64.Build.0 = Release|Any CPU
		{BDF37456-C4CC-4D99-A2E3-B1BF2CD95166}.Release|x86.ActiveCfg = Release|Any CPU
		{BDF37456-C4CC-4D99-A2E3-B1BF2CD95166}.Release|x86.Build.0 = Release|Any CPU
		{23CA33AF-5509-4253-A52C-EC74EADF31D6}.Debug|Any CPU.ActiveCfg = Debug|Any CPU
		{23CA33AF-5509-4253-A52C-EC74EADF31D6}.Debug|Any CPU.Build.0 = Debug|Any CPU
		{23CA33AF-5509-4253-A52C-EC74EADF31D6}.Debug|x64.ActiveCfg = Debug|Any CPU
		{23CA33AF-5509-4253-A52C-EC74EADF31D6}.Debug|x64.Build.0 = Debug|Any CPU
		{23CA33AF-5509-4253-A52C-EC74EADF31D6}.Debug|x86.ActiveCfg = Debug|Any CPU
		{23CA33AF-5509-4253-A52C-EC74EADF31D6}.Debug|x86.Build.0 = Debug|Any CPU
		{23CA33AF-5509-4253-A52C-EC74EADF31D6}.Release|Any CPU.ActiveCfg = Release|Any CPU
		{23CA33AF-5509-4253-A52C-EC74EADF31D6}.Release|Any CPU.Build.0 = Release|Any CPU
		{23CA33AF-5509-4253-A52C-EC74EADF31D6}.Release|x64.ActiveCfg = Release|Any CPU
		{23CA33AF-5509-4253-A52C-EC74EADF31D6}.Release|x64.Build.0 = Release|Any CPU
		{23CA33AF-5509-4253-A52C-EC74EADF31D6}.Release|x86.ActiveCfg = Release|Any CPU
		{23CA33AF-5509-4253-A52C-EC74EADF31D6}.Release|x86.Build.0 = Release|Any CPU
	EndGlobalSection
	GlobalSection(SolutionProperties) = preSolution
		HideSolutionNode = FALSE
	EndGlobalSection
EndGlobal
